// !$*UTF8*$!
{
	archiveVersion = 1;
	classes = {
	};
	objectVersion = 46;
	objects = {

/* Begin PBXBuildFile section */
		047B0CE01A0EFDA800F1019B /* main.m in Sources */ = {isa = PBXBuildFile; fileRef = 047B0CDF1A0EFDA800F1019B /* main.m */; };
		047B0CE31A0EFDA800F1019B /* AppDelegate.m in Sources */ = {isa = PBXBuildFile; fileRef = 047B0CE21A0EFDA800F1019B /* AppDelegate.m */; };
		047B0CE61A0EFDA800F1019B /* ViewController.m in Sources */ = {isa = PBXBuildFile; fileRef = 047B0CE51A0EFDA800F1019B /* ViewController.m */; };
		047B0CE91A0EFDA800F1019B /* Main.storyboard in Resources */ = {isa = PBXBuildFile; fileRef = 047B0CE71A0EFDA800F1019B /* Main.storyboard */; };
		047B0CEB1A0EFDA800F1019B /* Images.xcassets in Resources */ = {isa = PBXBuildFile; fileRef = 047B0CEA1A0EFDA800F1019B /* Images.xcassets */; };
		047B0CF71A0EFDA800F1019B /* _1_POST______Tests.m in Sources */ = {isa = PBXBuildFile; fileRef = 047B0CF61A0EFDA800F1019B /* _1_POST______Tests.m */; };
/* End PBXBuildFile section */

/* Begin PBXContainerItemProxy section */
		047B0CF11A0EFDA800F1019B /* PBXContainerItemProxy */ = {
			isa = PBXContainerItemProxy;
			containerPortal = 047B0CD21A0EFDA800F1019B /* Project object */;
			proxyType = 1;
			remoteGlobalIDString = 047B0CD91A0EFDA800F1019B;
			remoteInfo = "41-POST 的原生上传";
		};
/* End PBXContainerItemProxy section */

/* Begin PBXFileReference section */
		047B0CDA1A0EFDA800F1019B /* 41-POST 的原生上传.app */ = {isa = PBXFileReference; explicitFileType = wrapper.application; includeInIndex = 0; path = "41-POST 的原生上传.app"; sourceTree = BUILT_PRODUCTS_DIR; };
		047B0CDE1A0EFDA800F1019B /* Info.plist */ = {isa = PBXFileReference; lastKnownFileType = text.plist.xml; path = Info.plist; sourceTree = "<group>"; };
		047B0CDF1A0EFDA800F1019B /* main.m */ = {isa = PBXFileReference; lastKnownFileType = sourcecode.c.objc; path = main.m; sourceTree = "<group>"; };
		047B0CE11A0EFDA800F1019B /* AppDelegate.h */ = {isa = PBXFileReference; lastKnownFileType = sourcecode.c.h; path = AppDelegate.h; sourceTree = "<group>"; };
		047B0CE21A0EFDA800F1019B /* AppDelegate.m */ = {isa = PBXFileReference; lastKnownFileType = sourcecode.c.objc; path = AppDelegate.m; sourceTree = "<group>"; };
		047B0CE41A0EFDA800F1019B /* ViewController.h */ = {isa = PBXFileReference; lastKnownFileType = sourcecode.c.h; path = ViewController.h; sourceTree = "<group>"; };
		047B0CE51A0EFDA800F1019B /* ViewController.m */ = {isa = PBXFileReference; lastKnownFileType = sourcecode.c.objc; path = ViewController.m; sourceTree = "<group>"; };
		047B0CE81A0EFDA800F1019B /* Base */ = {isa = PBXFileReference; lastKnownFileType = file.storyboard; name = Base; path = Base.lproj/Main.storyboard; sourceTree = "<group>"; };
		047B0CEA1A0EFDA800F1019B /* Images.xcassets */ = {isa = PBXFileReference; lastKnownFileType = folder.assetcatalog; path = Images.xcassets; sourceTree = "<group>"; };
		047B0CF01A0EFDA800F1019B /* 41-POST 的原生上传Tests.xctest */ = {isa = PBXFileReference; explicitFileType = wrapper.cfbundle; includeInIndex = 0; path = "41-POST 的原生上传Tests.xctest"; sourceTree = BUILT_PRODUCTS_DIR; };
		047B0CF51A0EFDA800F1019B /* Info.plist */ = {isa = PBXFileReference; lastKnownFileType = text.plist.xml; path = Info.plist; sourceTree = "<group>"; };
		047B0CF61A0EFDA800F1019B /* _1_POST______Tests.m */ = {isa = PBXFileReference; lastKnownFileType = sourcecode.c.objc; path = "_1_POST______Tests.m"; sourceTree = "<group>"; };
/* End PBXFileReference section */

/* Begin PBXFrameworksBuildPhase section */
		047B0CD71A0EFDA800F1019B /* Frameworks */ = {
			isa = PBXFrameworksBuildPhase;
			buildActionMask = 2147483647;
			files = (
			);
			runOnlyForDeploymentPostprocessing = 0;
		};
		047B0CED1A0EFDA800F1019B /* Frameworks */ = {
			isa = PBXFrameworksBuildPhase;
			buildActionMask = 2147483647;
			files = (
			);
			runOnlyForDeploymentPostprocessing = 0;
		};
/* End PBXFrameworksBuildPhase section */

/* Begin PBXGroup section */
		047B0CD11A0EFDA800F1019B = {
			isa = PBXGroup;
			children = (
				047B0CDC1A0EFDA800F1019B /* 41-POST 的原生上传 */,
				047B0CF31A0EFDA800F1019B /* 41-POST 的原生上传Tests */,
				047B0CDB1A0EFDA800F1019B /* Products */,
			);
			sourceTree = "<group>";
		};
		047B0CDB1A0EFDA800F1019B /* Products */ = {
			isa = PBXGroup;
			children = (
				047B0CDA1A0EFDA800F1019B /* 41-POST 的原生上传.app */,
				047B0CF01A0EFDA800F1019B /* 41-POST 的原生上传Tests.xctest */,
			);
			name = Products;
			sourceTree = "<group>";
		};
		047B0CDC1A0EFDA800F1019B /* 41-POST 的原生上传 */ = {
			isa = PBXGroup;
			children = (
				047B0CE11A0EFDA800F1019B /* AppDelegate.h */,
				047B0CE21A0EFDA800F1019B /* AppDelegate.m */,
				047B0CE41A0EFDA800F1019B /* ViewController.h */,
				047B0CE51A0EFDA800F1019B /* ViewController.m */,
				047B0CE71A0EFDA800F1019B /* Main.storyboard */,
				047B0CEA1A0EFDA800F1019B /* Images.xcassets */,
				047B0CDD1A0EFDA800F1019B /* Supporting Files */,
			);
			path = "41-POST 的原生上传";
			sourceTree = "<group>";
		};
		047B0CDD1A0EFDA800F1019B /* Supporting Files */ = {
			isa = PBXGroup;
			children = (
				047B0CDE1A0EFDA800F1019B /* Info.plist */,
				047B0CDF1A0EFDA800F1019B /* main.m */,
			);
			name = "Supporting Files";
			sourceTree = "<group>";
		};
		047B0CF31A0EFDA800F1019B /* 41-POST 的原生上传Tests */ = {
			isa = PBXGroup;
			children = (
				047B0CF61A0EFDA800F1019B /* _1_POST______Tests.m */,
				047B0CF41A0EFDA800F1019B /* Supporting Files */,
			);
			path = "41-POST 的原生上传Tests";
			sourceTree = "<group>";
		};
		047B0CF41A0EFDA800F1019B /* Supporting Files */ = {
			isa = PBXGroup;
			children = (
				047B0CF51A0EFDA800F1019B /* Info.plist */,
			);
			name = "Supporting Files";
			sourceTree = "<group>";
		};
/* End PBXGroup section */

/* Begin PBXNativeTarget section */
		047B0CD91A0EFDA800F1019B /* 41-POST 的原生上传 */ = {
			isa = PBXNativeTarget;
			buildConfigurationList = 047B0CFA1A0EFDA800F1019B /* Build configuration list for PBXNativeTarget "41-POST 的原生上传" */;
			buildPhases = (
				047B0CD61A0EFDA800F1019B /* Sources */,
				047B0CD71A0EFDA800F1019B /* Frameworks */,
				047B0CD81A0EFDA800F1019B /* Resources */,
			);
			buildRules = (
			);
			dependencies = (
			);
			name = "41-POST 的原生上传";
			productName = "41-POST 的原生上传";
			productReference = 047B0CDA1A0EFDA800F1019B /* 41-POST 的原生上传.app */;
			productType = "com.apple.product-type.application";
		};
		047B0CEF1A0EFDA800F1019B /* 41-POST 的原生上传Tests */ = {
			isa = PBXNativeTarget;
			buildConfigurationList = 047B0CFD1A0EFDA800F1019B /* Build configuration list for PBXNativeTarget "41-POST 的原生上传Tests" */;
			buildPhases = (
				047B0CEC1A0EFDA800F1019B /* Sources */,
				047B0CED1A0EFDA800F1019B /* Frameworks */,
				047B0CEE1A0EFDA800F1019B /* Resources */,
			);
			buildRules = (
			);
			dependencies = (
				047B0CF21A0EFDA800F1019B /* PBXTargetDependency */,
			);
			name = "41-POST 的原生上传Tests";
			productName = "41-POST 的原生上传Tests";
			productReference = 047B0CF01A0EFDA800F1019B /* 41-POST 的原生上传Tests.xctest */;
			productType = "com.apple.product-type.bundle.unit-test";
		};
/* End PBXNativeTarget section */

/* Begin PBXProject section */
		047B0CD21A0EFDA800F1019B /* Project object */ = {
			isa = PBXProject;
			attributes = {
				LastUpgradeCheck = 0600;
				ORGANIZATIONNAME = MN;
				TargetAttributes = {
					047B0CD91A0EFDA800F1019B = {
						CreatedOnToolsVersion = 6.0;
					};
					047B0CEF1A0EFDA800F1019B = {
						CreatedOnToolsVersion = 6.0;
						TestTargetID = 047B0CD91A0EFDA800F1019B;
					};
				};
			};
			buildConfigurationList = 047B0CD51A0EFDA800F1019B /* Build configuration list for PBXProject "41-POST 的原生上传" */;
			compatibilityVersion = "Xcode 3.2";
			developmentRegion = English;
			hasScannedForEncodings = 0;
			knownRegions = (
				en,
				Base,
			);
			mainGroup = 047B0CD11A0EFDA800F1019B;
			productRefGroup = 047B0CDB1A0EFDA800F1019B /* Products */;
			projectDirPath = "";
			projectRoot = "";
			targets = (
				047B0CD91A0EFDA800F1019B /* 41-POST 的原生上传 */,
				047B0CEF1A0EFDA800F1019B /* 41-POST 的原生上传Tests */,
			);
		};
/* End PBXProject section */

/* Begin PBXResourcesBuildPhase section */
		047B0CD81A0EFDA800F1019B /* Resources */ = {
			isa = PBXResourcesBuildPhase;
			buildActionMask = 2147483647;
			files = (
				047B0CE91A0EFDA800F1019B /* Main.storyboard in Resources */,
				047B0CEB1A0EFDA800F1019B /* Images.xcassets in Resources */,
			);
			runOnlyForDeploymentPostprocessing = 0;
		};
		047B0CEE1A0EFDA800F1019B /* Resources */ = {
			isa = PBXResourcesBuildPhase;
			buildActionMask = 2147483647;
			files = (
			);
			runOnlyForDeploymentPostprocessing = 0;
		};
/* End PBXResourcesBuildPhase section */

/* Begin PBXSourcesBuildPhase section */
		047B0CD61A0EFDA800F1019B /* Sources */ = {
			isa = PBXSourcesBuildPhase;
			buildActionMask = 2147483647;
			files = (
				047B0CE61A0EFDA800F1019B /* ViewController.m in Sources */,
				047B0CE31A0EFDA800F1019B /* AppDelegate.m in Sources */,
				047B0CE01A0EFDA800F1019B /* main.m in Sources */,
			);
			runOnlyForDeploymentPostprocessing = 0;
		};
		047B0CEC1A0EFDA800F1019B /* Sources */ = {
			isa = PBXSourcesBuildPhase;
			buildActionMask = 2147483647;
			files = (
				047B0CF71A0EFDA800F1019B /* _1_POST______Tests.m in Sources */,
			);
			runOnlyForDeploymentPostprocessing = 0;
		};
/* End PBXSourcesBuildPhase section */

/* Begin PBXTargetDependency section */
		047B0CF21A0EFDA800F1019B /* PBXTargetDependency */ = {
			isa = PBXTargetDependency;
			target = 047B0CD91A0EFDA800F1019B /* 41-POST 的原生上传 */;
			targetProxy = 047B0CF11A0EFDA800F1019B /* PBXContainerItemProxy */;
		};
/* End PBXTargetDependency section */

/* Begin PBXVariantGroup section */
		047B0CE71A0EFDA800F1019B /* Main.storyboard */ = {
			isa = PBXVariantGroup;
			children = (
				047B0CE81A0EFDA800F1019B /* Base */,
			);
			name = Main.storyboard;
			sourceTree = "<group>";
		};
/* End PBXVariantGroup section */

/* Begin XCBuildConfiguration section */
		047B0CF81A0EFDA800F1019B /* Debug */ = {
			isa = XCBuildConfiguration;
			buildSettings = {
				ALWAYS_SEARCH_USER_PATHS = NO;
				CLANG_CXX_LANGUAGE_STANDARD = "gnu++0x";
				CLANG_CXX_LIBRARY = "libc++";
				CLANG_ENABLE_MODULES = YES;
				CLANG_ENABLE_OBJC_ARC = YES;
				CLANG_WARN_BOOL_CONVERSION = YES;
				CLANG_WARN_CONSTANT_CONVERSION = YES;
				CLANG_WARN_DIRECT_OBJC_ISA_USAGE = YES_ERROR;
				CLANG_WARN_EMPTY_BODY = YES;
				CLANG_WARN_ENUM_CONVERSION = YES;
				CLANG_WARN_INT_CONVERSION = YES;
				CLANG_WARN_OBJC_ROOT_CLASS = YES_ERROR;
				CLANG_WARN_UNREACHABLE_CODE = YES;
				CLANG_WARN__DUPLICATE_METHOD_MATCH = YES;
				"CODE_SIGN_IDENTITY[sdk=iphoneos*]" = "iPhone Developer";
				COPY_PHASE_STRIP = NO;
				ENABLE_STRICT_OBJC_MSGSEND = YES;
				GCC_C_LANGUAGE_STANDARD = gnu99;
				GCC_DYNAMIC_NO_PIC = NO;
				GCC_OPTIMIZATION_LEVEL = 0;
				GCC_PREPROCESSOR_DEFINITIONS = (
					"DEBUG=1",
					"$(inherited)",
				);
				GCC_SYMBOLS_PRIVATE_EXTERN = NO;
				GCC_WARN_64_TO_32_BIT_CONVERSION = YES;
				GCC_WARN_ABOUT_RETURN_TYPE = YES_ERROR;
				GCC_WARN_UNDECLARED_SELECTOR = YES;
				GCC_WARN_UNINITIALIZED_AUTOS = YES_AGGRESSIVE;
				GCC_WARN_UNUSED_FUNCTION = YES;
				GCC_WARN_UNUSED_VARIABLE = YES;
				IPHONEOS_DEPLOYMENT_TARGET = 8.0;
				MTL_ENABLE_DEBUG_INFO = YES;
				ONLY_ACTIVE_ARCH = YES;
				SDKROOT = iphoneos;
			};
			name = Debug;
		};
		047B0CF91A0EFDA800F1019B /* Release */ = {
			isa = XCBuildConfiguration;
			buildSettings = {
				ALWAYS_SEARCH_USER_PATHS = NO;
				CLANG_CXX_LANGUAGE_STANDARD = "gnu++0x";
				CLANG_CXX_LIBRARY = "libc++";
				CLANG_ENABLE_MODULES = YES;
				CLANG_ENABLE_OBJC_ARC = YES;
				CLANG_WARN_BOOL_CONVERSION = YES;
				CLANG_WARN_CONSTANT_CONVERSION = YES;
				CLANG_WARN_DIRECT_OBJC_ISA_USAGE = YES_ERROR;
				CLANG_WARN_EMPTY_BODY = YES;
				CLANG_WARN_ENUM_CONVERSION = YES;
				CLANG_WARN_INT_CONVERSION = YES;
				CLANG_WARN_OBJC_ROOT_CLASS = YES_ERROR;
				CLANG_WARN_UNREACHABLE_CODE = YES;
				CLANG_WARN__DUPLICATE_METHOD_MATCH = YES;
				"CODE_SIGN_IDENTITY[sdk=iphoneos*]" = "iPhone Developer";
				COPY_PHASE_STRIP = YES;
				ENABLE_NS_ASSERTIONS = NO;
				ENABLE_STRICT_OBJC_MSGSEND = YES;
				GCC_C_LANGUAGE_STANDARD = gnu99;
				GCC_WARN_64_TO_32_BIT_CONVERSION = YES;
				GCC_WARN_ABOUT_RETURN_TYPE = YES_ERROR;
				GCC_WARN_UNDECLARED_SELECTOR = YES;
				GCC_WARN_UNINITIALIZED_AUTOS = YES_AGGRESSIVE;
				GCC_WARN_UNUSED_FUNCTION = YES;
				GCC_WARN_UNUSED_VARIABLE = YES;
				IPHONEOS_DEPLOYMENT_TARGET = 8.0;
				MTL_ENABLE_DEBUG_INFO = NO;
				SDKROOT = iphoneos;
				VALIDATE_PRODUCT = YES;
			};
			name = Release;
		};
		047B0CFB1A0EFDA800F1019B /* Debug */ = {
			isa = XCBuildConfiguration;
			buildSettings = {
				ASSETCATALOG_COMPILER_APPICON_NAME = AppIcon;
				ASSETCATALOG_COMPILER_LAUNCHIMAGE_NAME = LaunchImage;
				INFOPLIST_FILE = "41-POST 的原生上传/Info.plist";
				LD_RUNPATH_SEARCH_PATHS = "$(inherited) @executable_path/Frameworks";
				PRODUCT_NAME = "$(TARGET_NAME)";
			};
			name = Debug;
		};
		047B0CFC1A0EFDA800F1019B /* Release */ = {
			isa = XCBuildConfiguration;
			buildSettings = {
				ASSETCATALOG_COMPILER_APPICON_NAME = AppIcon;
				ASSETCATALOG_COMPILER_LAUNCHIMAGE_NAME = LaunchImage;
				INFOPLIST_FILE = "41-POST 的原生上传/Info.plist";
				LD_RUNPATH_SEARCH_PATHS = "$(inherited) @executable_path/Frameworks";
				PRODUCT_NAME = "$(TARGET_NAME)";
			};
			name = Release;
		};
		047B0CFE1A0EFDA800F1019B /* Debug */ = {
			isa = XCBuildConfiguration;
			buildSettings = {
				BUNDLE_LOADER = "$(TEST_HOST)";
				FRAMEWORK_SEARCH_PATHS = (
					"$(SDKROOT)/Developer/Library/Frameworks",
					"$(inherited)",
				);
				GCC_PREPROCESSOR_DEFINITIONS = (
					"DEBUG=1",
					"$(inherited)",
				);
				INFOPLIST_FILE = "41-POST 的原生上传Tests/Info.plist";
				LD_RUNPATH_SEARCH_PATHS = "$(inherited) @executable_path/Frameworks @loader_path/Frameworks";
				PRODUCT_NAME = "$(TARGET_NAME)";
				TEST_HOST = "$(BUILT_PRODUCTS_DIR)/41-POST 的原生上传.app/41-POST 的原生上传";
			};
			name = Debug;
		};
		047B0CFF1A0EFDA800F1019B /* Release */ = {
			isa = XCBuildConfiguration;
			buildSettings = {
				BUNDLE_LOADER = "$(TEST_HOST)";
				FRAMEWORK_SEARCH_PATHS = (
					"$(SDKROOT)/Developer/Library/Frameworks",
					"$(inherited)",
				);
				INFOPLIST_FILE = "41-POST 的原生上传Tests/Info.plist";
				LD_RUNPATH_SEARCH_PATHS = "$(inherited) @executable_path/Frameworks @loader_path/Frameworks";
				PRODUCT_NAME = "$(TARGET_NAME)";
				TEST_HOST = "$(BUILT_PRODUCTS_DIR)/41-POST 的原生上传.app/41-POST 的原生上传";
			};
			name = Release;
		};
/* End XCBuildConfiguration section */

/* Begin XCConfigurationList section */
		047B0CD51A0EFDA800F1019B /* Build configuration list for PBXProject "41-POST 的原生上传" */ = {
			isa = XCConfigurationList;
			buildConfigurations = (
				047B0CF81A0EFDA800F1019B /* Debug */,
				047B0CF91A0EFDA800F1019B /* Release */,
			);
			defaultConfigurationIsVisible = 0;
			defaultConfigurationName = Release;
		};
		047B0CFA1A0EFDA800F1019B /* Build configuration list for PBXNativeTarget "41-POST 的原生上传" */ = {
			isa = XCConfigurationList;
			buildConfigurations = (
				047B0CFB1A0EFDA800F1019B /* Debug */,
				047B0CFC1A0EFDA800F1019B /* Release */,
			);
			defaultConfigurationIsVisible = 0;
		};
		047B0CFD1A0EFDA800F1019B /* Build configuration list for PBXNativeTarget "41-POST 的原生上传Tests" */ = {
			isa = XCConfigurationList;
			buildConfigurations = (
				047B0CFE1A0EFDA800F1019B /* Debug */,
				047B0CFF1A0EFDA800F1019B /* Release */,
			);
			defaultConfigurationIsVisible = 0;
		};
/* End XCConfigurationList section */
	};
	rootObject = 047B0CD21A0EFDA800F1019B /* Project object */;
}
